
Microsoft Visual Studio Solution File, Format Version 12.00
# Visual Studio 15
VisualStudioVersion = 15.0.28307.329
MinimumVisualStudioVersion = 10.0.40219.1
Project("{FAE04EC0-301F-11D3-BF4B-00C04F79EFBC}") = "Musicians", "Musicians\Musicians.csproj", "{0EE6503A-6684-43BE-A91C-54F5824BDA91}"
EndProject
Global
	GlobalSection(SolutionConfigurationPlatforms) = preSolution
		Debug|Any CPU = Debug|Any CPU
		Release|Any CPU = Release|Any CPU
	EndGlobalSection
	GlobalSection(ProjectConfigurationPlatforms) = postSolution
		{0EE6503A-6684-43BE-A91C-54F5824BDA91}.Debug|Any CPU.ActiveCfg = Debug|Any CPU
		{0EE6503A-6684-43BE-A91C-54F5824BDA91}.Debug|Any CPU.Build.0 = Debug|Any CPU
		{0EE6503A-6684-43BE-A91C-54F5824BDA91}.Release|Any CPU.ActiveCfg = Release|Any CPU
		{0EE6503A-6684-43BE-A91C-54F5824BDA91}.Release|Any CPU.Build.0 = Release|Any CPU
	EndGlobalSection
	GlobalSection(SolutionProperties) = preSolution
		HideSolutionNode = FALSE
	EndGlobalSection
	GlobalSection(ExtensibilityGlobals) = postSolution
		SolutionGuid = {E62596A1-D8AF-4CD3-9CEA-A6A7708E1245}
	EndGlobalSection
EndGlobal
